
Microsoft Visual Studio Solution File, Format Version 12.00
# Visual Studio Version 16
VisualStudioVersion = 16.0.30907.101
MinimumVisualStudioVersion = 10.0.40219.1
Project("{FAE04EC0-301F-11D3-BF4B-00C04F79EFBC}") = "Uri1144", "Uri1144\Uri1144.csproj", "{35FB406E-C73C-4A63-A0B9-B294D7097CA5}"
EndProject
Global
	GlobalSection(SolutionConfigurationPlatforms) = preSolution
		Debug|Any CPU = Debug|Any CPU
		Release|Any CPU = Release|Any CPU
	EndGlobalSection
	GlobalSection(ProjectConfigurationPlatforms) = postSolution
		{35FB406E-C73C-4A63-A0B9-B294D7097CA5}.Debug|Any CPU.ActiveCfg = Debug|Any CPU
		{35FB406E-C73C-4A63-A0B9-B294D7097CA5}.Debug|Any CPU.Build.0 = Debug|Any CPU
		{35FB406E-C73C-4A63-A0B9-B294D7097CA5}.Release|Any CPU.ActiveCfg = Release|Any CPU
		{35FB406E-C73C-4A63-A0B9-B294D7097CA5}.Release|Any CPU.Build.0 = Release|Any CPU
	EndGlobalSection
	GlobalSection(SolutionProperties) = preSolution
		HideSolutionNode = FALSE
	EndGlobalSection
	GlobalSection(ExtensibilityGlobals) = postSolution
		SolutionGuid = {93CCF4C8-581F-42EA-A907-97A9E75F9FF1}
	EndGlobalSection
EndGlobal
